dependencies:
- name: eazybank-common
  repository: file://../../eazybank-common
  version: 0.1.0
- name: configserver
  repository: file://../../eazybank-ms/configserver
  version: 0.1.0
- name: eurekaserver
  repository: file://../../eazybank-ms/eurekaserver
  version: 0.1.0
- name: accounts
  repository: file://../../eazybank-ms/accounts
  version: 0.1.0
- name: cards
  repository: file://../../eazybank-ms/cards
  version: 0.1.0
- name: loans
  repository: file://../../eazybank-ms/loans
  version: 0.1.0
- name: gatewayserver
  repository: file://../../eazybank-ms/gatewayserver
  version: 0.1.0
- name: message
  repository: file://../../eazybank-ms/message
  version: 0.1.0
digest: sha256:d9aec855311f72286a711322734358fd90d61e7ab0e8ef80dea05b637e020544
generated: "2023-09-01T12:06:31.531688+05:30"
